lockfileVersion: '9.0'

settings:
  autoInstallPeers: true
  excludeLinksFromLockfile: false

importers:

  .:
    devDependencies:
      '@types/node':
        specifier: ^24.2.0
        version: 24.13.3
      typescript:
        specifier: ^5.9.3
        version: 5.9.3

  apps/lite-cli:
    dependencies:
      '@cchistory/domain':
        specifier: workspace:*
        version: link:../../packages/domain
      '@cchistory/live-runtime':
        specifier: workspace:*
        version: link:../../packages/live-runtime

  apps/lite-tui:
    dependencies:
      '@cchistory/domain':
        specifier: workspace:*
        version: link:../../packages/domain
      '@cchistory/live-runtime':
        specifier: workspace:*
        version: link:../../packages/live-runtime

  packages/canonical:
    dependencies:
      '@cchistory/domain':
        specifier: workspace:*
        version: link:../domain

  packages/domain: {}

  packages/live-runtime:
    dependencies:
      '@cchistory/canonical':
        specifier: workspace:*
        version: link:../canonical
      '@cchistory/domain':
        specifier: workspace:*
        version: link:../domain
      '@cchistory/source-adapters':
        specifier: workspace:*
        version: link:../source-adapters
      pgsql-ast-parser:
        specifier: 12.0.2
        version: 12.0.2

  packages/source-adapters:
    dependencies:
      '@cchistory/domain':
        specifier: workspace:*
        version: link:../domain

packages:

  '@types/node@24.13.3':
    resolution: {integrity: sha512-Dh8vAsV36ig5wa9OX4pXvMc9D3Veibfw2wix0CUwYODLD8nkj9UsLjASr49nPg+2eKzxhBV+v7L8pXvT4e639Q==}

  commander@2.20.3:
    resolution: {integrity: sha512-GpVkmM8vF2vQUkj2LvZmD35JxeJOLCwJ9cUkugyk2nuhbv3+mJvpLYYt+0+USMxE+oj+ey/lJEnhZw75x/OMcQ==}

  discontinuous-range@1.0.0:
    resolution: {integrity: sha512-c68LpLbO+7kP/b1Hr1qs8/BJ09F5khZGTxqxZuhzxpmwJKOgRFHJWIb9/KmqnqHhLdO55aOxFH/EGBvUQbL/RQ==}

  moo@0.5.3:
    resolution: {integrity: sha512-m2fmM2dDm7GZQsY7KK2cme8agi+AAljILjQnof7p1ZMDe6dQ4bdnSMx0cPppudoeNv5hEFQirN6u+O4fDE0IWA==}

  nearley@2.20.1:
    resolution: {integrity: sha512-+Mc8UaAebFzgV+KpI5n7DasuuQCHA89dmwm7JXw3TV43ukfNQ9DnBH3Mdb2g/I4Fdxc26pwimBWvjIw0UAILSQ==}
    hasBin: true

  pgsql-ast-parser@12.0.2:
    resolution: {integrity: sha512-1WWa96Sw6h4uv9GLw98EzH/+xoBTC8j2TwV/AMW3E+Ir/fHOu/jLLbj6kPiz3y2bGISTKNYvKWwHoqvQ5FLuAw==}

  railroad-diagrams@1.0.0:
    resolution: {integrity: sha512-cz93DjNeLY0idrCNOH6PviZGRN9GJhsdm9hpn1YCS879fj4W+x5IFJhhkRZcwVgMmFF7R82UA/7Oh+R8lLZg6A==}

  randexp@0.4.6:
    resolution: {integrity: sha512-80WNmd9DA0tmZrw9qQa62GPPWfuXJknrmVmLcxvq4uZBdYqb1wYoKTmnlGUchvVWe0XiLupYkBoXVOxz3C8DYQ==}
    engines: {node: '>=0.12'}

  ret@0.1.15:
    resolution: {integrity: sha512-TTlYpa+OL+vMMNG24xSlQGEJ3B/RzEfUlLct7b5G/ytav+wPrplCpVMFuwzXbkecJrb6IYo1iFb0S9v37754mg==}
    engines: {node: '>=0.12'}

  typescript@5.9.3:
    resolution: {integrity: sha512-jl1vZzPDinLr9eUt3J/t7V6FgNEw9QjvBPdysz9KfQDD41fQrC2Y4vKQdiaUpFT4bXlb1RHhLpp8wtm6M5TgSw==}
    engines: {node: '>=14.17'}
    hasBin: true

  undici-types@7.18.2:
    resolution: {integrity: sha512-AsuCzffGHJybSaRrmr5eHr81mwJU3kjw6M+uprWvCXiNeN9SOGwQ3Jn8jb8m3Z6izVgknn1R0FTCEAP2QrLY/w==}

snapshots:

  '@types/node@24.13.3':
    dependencies:
      undici-types: 7.18.2

  commander@2.20.3: {}

  discontinuous-range@1.0.0: {}

  moo@0.5.3: {}

  nearley@2.20.1:
    dependencies:
      commander: 2.20.3
      moo: 0.5.3
      railroad-diagrams: 1.0.0
      randexp: 0.4.6

  pgsql-ast-parser@12.0.2:
    dependencies:
      moo: 0.5.3
      nearley: 2.20.1

  railroad-diagrams@1.0.0: {}

  randexp@0.4.6:
    dependencies:
      discontinuous-range: 1.0.0
      ret: 0.1.15

  ret@0.1.15: {}

  typescript@5.9.3: {}

  undici-types@7.18.2: {}
